
Microsoft Visual Studio Solution File, Format Version 12.00
# Visual Studio Version 17
VisualStudioVersion = 17.7.34018.315
MinimumVisualStudioVersion = 10.0.40219.1
Project("{FAE04EC0-301F-11D3-BF4B-00C04F79EFBC}") = "DynamicDllLoading", "DynamicDllLoading\DynamicDllLoading.csproj", "{6916CE4B-95CC-4EFA-B5FF-D42DA17439EE}"
EndProject
Project("{FAE04EC0-301F-11D3-BF4B-00C04F79EFBC}") = "Abstraction", "Abstraction\Abstraction.csproj", "{FEEE33C2-DE21-4094-9EF6-81FAA5291FFD}"
EndProject
Project("{FAE04EC0-301F-11D3-BF4B-00C04F79EFBC}") = "DynamicDll", "DynamicDll\DynamicDll.csproj", "{1CA6773E-0D29-4E93-9E01-6ACD0E158FF6}"
EndProject
Global
	GlobalSection(SolutionConfigurationPlatforms) = preSolution
		Debug|Any CPU = Debug|Any CPU
		Release|Any CPU = Release|Any CPU
	EndGlobalSection
	GlobalSection(ProjectConfigurationPlatforms) = postSolution
		{6916CE4B-95CC-4EFA-B5FF-D42DA17439EE}.Debug|Any CPU.ActiveCfg = Debug|Any CPU
		{6916CE4B-95CC-4EFA-B5FF-D42DA17439EE}.Debug|Any CPU.Build.0 = Debug|Any CPU
		{6916CE4B-95CC-4EFA-B5FF-D42DA17439EE}.Release|Any CPU.ActiveCfg = Release|Any CPU
		{6916CE4B-95CC-4EFA-B5FF-D42DA17439EE}.Release|Any CPU.Build.0 = Release|Any CPU
		{FEEE33C2-DE21-4094-9EF6-81FAA5291FFD}.Debug|Any CPU.ActiveCfg = Debug|Any CPU
		{FEEE33C2-DE21-4094-9EF6-81FAA5291FFD}.Debug|Any CPU.Build.0 = Debug|Any CPU
		{FEEE33C2-DE21-4094-9EF6-81FAA5291FFD}.Release|Any CPU.ActiveCfg = Release|Any CPU
		{FEEE33C2-DE21-4094-9EF6-81FAA5291FFD}.Release|Any CPU.Build.0 = Release|Any CPU
		{1CA6773E-0D29-4E93-9E01-6ACD0E158FF6}.Debug|Any CPU.ActiveCfg = Debug|Any CPU
		{1CA6773E-0D29-4E93-9E01-6ACD0E158FF6}.Debug|Any CPU.Build.0 = Debug|Any CPU
		{1CA6773E-0D29-4E93-9E01-6ACD0E158FF6}.Release|Any CPU.ActiveCfg = Release|Any CPU
		{1CA6773E-0D29-4E93-9E01-6ACD0E158FF6}.Release|Any CPU.Build.0 = Release|Any CPU
	EndGlobalSection
	GlobalSection(SolutionProperties) = preSolution
		HideSolutionNode = FALSE
	EndGlobalSection
	GlobalSection(ExtensibilityGlobals) = postSolution
		SolutionGuid = {159E8112-5C1C-459B-8B18-C7836E51F23F}
	EndGlobalSection
EndGlobal
